
Microsoft Visual Studio Solution File, Format Version 12.00
# Visual Studio Version 17
VisualStudioVersion = 17.7.34009.444
MinimumVisualStudioVersion = 10.0.40219.1
Project("{9A19103F-16F7-4668-BE54-9A1E7A4F7556}") = "BingBackground", "BingBackground\BingBackground.csproj", "{70492A9A-CDB6-44AB-AA57-0200DE7F0609}"
EndProject
Project("{2150E333-8FDC-42A3-9474-1A3956D46DE8}") = "Other Items", "Other Items", "{921D25AA-157A-40B0-A0A5-05E6835A79AE}"
	ProjectSection(SolutionItems) = preProject
		..\LICENSE = ..\LICENSE
		..\README.md = ..\README.md
	EndProjectSection
EndProject
Global
	GlobalSection(SolutionConfigurationPlatforms) = preSolution
		Debug|Any CPU = Debug|Any CPU
		Release|Any CPU = Release|Any CPU
	EndGlobalSection
	GlobalSection(ProjectConfigurationPlatforms) = postSolution
		{70492A9A-CDB6-44AB-AA57-0200DE7F0609}.Debug|Any CPU.ActiveCfg = Debug|Any CPU
		{70492A9A-CDB6-44AB-AA57-0200DE7F0609}.Debug|Any CPU.Build.0 = Debug|Any CPU
		{70492A9A-CDB6-44AB-AA57-0200DE7F0609}.Release|Any CPU.ActiveCfg = Release|Any CPU
		{70492A9A-CDB6-44AB-AA57-0200DE7F0609}.Release|Any CPU.Build.0 = Release|Any CPU
	EndGlobalSection
	GlobalSection(SolutionProperties) = preSolution
		HideSolutionNode = FALSE
	EndGlobalSection
	GlobalSection(ExtensibilityGlobals) = postSolution
		SolutionGuid = {F7287D4B-8879-4189-A14E-6F1AEC3D6AB5}
	EndGlobalSection
EndGlobal
